{
  "name": "@geocontext/gcx-core",
  "version": "0.0.1",
  "lockfileVersion": 1,
  "requires": true,
  "dependencies": {
    "@modalnodes/mn-docker": {
      "version": "0.0.1",
      "resolved": "https://registry.npmjs.org/@modalnodes/mn-docker/-/mn-docker-0.0.1.tgz",
      "integrity": "sha512-P1PCeOaxM5Mk9S1kgILb9nrIQRrmi/5d0vQ2nqqhcr/ZhZK33yF97AFuX861OkAuZ0HnjMozruDr82YWk/tlHA==",
      "requires": {
        "tslib": "1.9.1"
      }
    },
    "tslib": {
      "version": "1.9.1",
      "resolved": "https://registry.npmjs.org/tslib/-/tslib-1.9.1.tgz",
      "integrity": "sha512-avfPS28HmGLLc2o4elcc2EIq2FcH++Yo5YxpBZi9Yw93BCTGFthI4HPE4Rpep6vSYQaK8e69PelM44tPj+RaQg=="
    }
  }
}
